
Microsoft Visual Studio Solution File, Format Version 12.00
# Visual Studio 15
VisualStudioVersion = 15.0.27729.1
MinimumVisualStudioVersion = 10.0.40219.1
Project("{FAE04EC0-301F-11D3-BF4B-00C04F79EFBC}") = "GroovyMusic.Android", "GroovyMusic.Android\GroovyMusic.Android.csproj", "{0DDA0CBB-BA5E-44E9-9524-C08D5D88A5C6}"
EndProject
Project("{9A19103F-16F7-4668-BE54-9A1E7A4F7556}") = "GroovyMusic", "GroovyMusic\GroovyMusic.csproj", "{DD496727-D0C7-4CC8-B3AA-23CDA9ECE526}"
EndProject
Global
	GlobalSection(SolutionConfigurationPlatforms) = preSolution
		Debug|Any CPU = Debug|Any CPU
		Release|Any CPU = Release|Any CPU
	EndGlobalSection
	GlobalSection(ProjectConfigurationPlatforms) = postSolution
		{0DDA0CBB-BA5E-44E9-9524-C08D5D88A5C6}.Debug|Any CPU.ActiveCfg = Debug|Any CPU
		{0DDA0CBB-BA5E-44E9-9524-C08D5D88A5C6}.Debug|Any CPU.Build.0 = Debug|Any CPU
		{0DDA0CBB-BA5E-44E9-9524-C08D5D88A5C6}.Debug|Any CPU.Deploy.0 = Debug|Any CPU
		{0DDA0CBB-BA5E-44E9-9524-C08D5D88A5C6}.Release|Any CPU.ActiveCfg = Release|Any CPU
		{0DDA0CBB-BA5E-44E9-9524-C08D5D88A5C6}.Release|Any CPU.Build.0 = Release|Any CPU
		{0DDA0CBB-BA5E-44E9-9524-C08D5D88A5C6}.Release|Any CPU.Deploy.0 = Release|Any CPU
		{DD496727-D0C7-4CC8-B3AA-23CDA9ECE526}.Debug|Any CPU.ActiveCfg = Debug|Any CPU
		{DD496727-D0C7-4CC8-B3AA-23CDA9ECE526}.Debug|Any CPU.Build.0 = Debug|Any CPU
		{DD496727-D0C7-4CC8-B3AA-23CDA9ECE526}.Release|Any CPU.ActiveCfg = Release|Any CPU
		{DD496727-D0C7-4CC8-B3AA-23CDA9ECE526}.Release|Any CPU.Build.0 = Release|Any CPU
	EndGlobalSection
	GlobalSection(SolutionProperties) = preSolution
		HideSolutionNode = FALSE
	EndGlobalSection
	GlobalSection(ExtensibilityGlobals) = postSolution
		SolutionGuid = {E859E5A3-1FFD-45FF-B8DF-0115C307C3E9}
	EndGlobalSection
EndGlobal
